
Microsoft Visual Studio Solution File, Format Version 12.00
# Visual Studio Version 17
VisualStudioVersion = 17.2.32526.322
MinimumVisualStudioVersion = 10.0.40219.1
Project("{FAE04EC0-301F-11D3-BF4B-00C04F79EFBC}") = "PaddaBotNET", "PaddaBotNET\PaddaBotNET.csproj", "{5F8B73F9-1763-445E-B0DC-2992DC69E5BB}"
EndProject
Global
	GlobalSection(SolutionConfigurationPlatforms) = preSolution
		Debug|Any CPU = Debug|Any CPU
		Release|Any CPU = Release|Any CPU
	EndGlobalSection
	GlobalSection(ProjectConfigurationPlatforms) = postSolution
		{5F8B73F9-1763-445E-B0DC-2992DC69E5BB}.Debug|Any CPU.ActiveCfg = Debug|Any CPU
		{5F8B73F9-1763-445E-B0DC-2992DC69E5BB}.Debug|Any CPU.Build.0 = Debug|Any CPU
		{5F8B73F9-1763-445E-B0DC-2992DC69E5BB}.Release|Any CPU.ActiveCfg = Release|Any CPU
		{5F8B73F9-1763-445E-B0DC-2992DC69E5BB}.Release|Any CPU.Build.0 = Release|Any CPU
	EndGlobalSection
	GlobalSection(SolutionProperties) = preSolution
		HideSolutionNode = FALSE
	EndGlobalSection
	GlobalSection(ExtensibilityGlobals) = postSolution
		SolutionGuid = {AC40B060-43F5-48E7-8C7F-BD6E553DB873}
	EndGlobalSection
EndGlobal
